
Microsoft Visual Studio Solution File, Format Version 12.00
# Visual Studio Version 17
VisualStudioVersion = 17.0.32126.317
MinimumVisualStudioVersion = 10.0.40219.1
Project("{FAE04EC0-301F-11D3-BF4B-00C04F79EFBC}") = "Hpost", "Hpost\Hpost.csproj", "{F4B04903-A41C-48C4-9845-DBC3D4ED4A6C}"
EndProject
Global
	GlobalSection(SolutionConfigurationPlatforms) = preSolution
		Debug|Any CPU = Debug|Any CPU
		Release|Any CPU = Release|Any CPU
	EndGlobalSection
	GlobalSection(ProjectConfigurationPlatforms) = postSolution
		{F4B04903-A41C-48C4-9845-DBC3D4ED4A6C}.Debug|Any CPU.ActiveCfg = Debug|Any CPU
		{F4B04903-A41C-48C4-9845-DBC3D4ED4A6C}.Debug|Any CPU.Build.0 = Debug|Any CPU
		{F4B04903-A41C-48C4-9845-DBC3D4ED4A6C}.Release|Any CPU.ActiveCfg = Release|Any CPU
		{F4B04903-A41C-48C4-9845-DBC3D4ED4A6C}.Release|Any CPU.Build.0 = Release|Any CPU
	EndGlobalSection
	GlobalSection(SolutionProperties) = preSolution
		HideSolutionNode = FALSE
	EndGlobalSection
	GlobalSection(ExtensibilityGlobals) = postSolution
		SolutionGuid = {6C6476F8-B0B7-45C6-9D88-5379D8115F52}
	EndGlobalSection
EndGlobal
